
Microsoft Visual Studio Solution File, Format Version 12.00
# Visual Studio Version 16
VisualStudioVersion = 16.0.31410.357
MinimumVisualStudioVersion = 10.0.40219.1
Project("{FAE04EC0-301F-11D3-BF4B-00C04F79EFBC}") = "DavidsPizza.Web", "DavidsPizza.Web\DavidsPizza.Web.csproj", "{6F790304-DA37-44C2-952F-67C06569BE16}"
EndProject
Project("{FAE04EC0-301F-11D3-BF4B-00C04F79EFBC}") = "DavidsPizza.Persistence", "DavidsPizza.Persistence\DavidsPizza.Persistence.csproj", "{60C43299-3C60-43E7-B703-ED928FB7610E}"
EndProject
Project("{FAE04EC0-301F-11D3-BF4B-00C04F79EFBC}") = "DavidsPizza.Domain", "DavidsPizza.Domain\DavidsPizza.Domain.csproj", "{C41F2801-1A11-4DB2-BCC4-867BA6695361}"
EndProject
Project("{FAE04EC0-301F-11D3-BF4B-00C04F79EFBC}") = "DavidsPizza.DTO", "DavidsPizza.DTO\DavidsPizza.DTO.csproj", "{A1617F76-FA80-46BC-A85E-4BF5B29AD895}"
EndProject
Project("{FAE04EC0-301F-11D3-BF4B-00C04F79EFBC}") = "HttpClientSample", "HttpClientSample\HttpClientSample.csproj", "{29A6F19C-5026-4EC8-AB64-CB6F32BFC5D3}"
EndProject
Global
	GlobalSection(SolutionConfigurationPlatforms) = preSolution
		Debug|Any CPU = Debug|Any CPU
		Release|Any CPU = Release|Any CPU
	EndGlobalSection
	GlobalSection(ProjectConfigurationPlatforms) = postSolution
		{6F790304-DA37-44C2-952F-67C06569BE16}.Debug|Any CPU.ActiveCfg = Debug|Any CPU
		{6F790304-DA37-44C2-952F-67C06569BE16}.Debug|Any CPU.Build.0 = Debug|Any CPU
		{6F790304-DA37-44C2-952F-67C06569BE16}.Release|Any CPU.ActiveCfg = Release|Any CPU
		{6F790304-DA37-44C2-952F-67C06569BE16}.Release|Any CPU.Build.0 = Release|Any CPU
		{60C43299-3C60-43E7-B703-ED928FB7610E}.Debug|Any CPU.ActiveCfg = Debug|Any CPU
		{60C43299-3C60-43E7-B703-ED928FB7610E}.Debug|Any CPU.Build.0 = Debug|Any CPU
		{60C43299-3C60-43E7-B703-ED928FB7610E}.Release|Any CPU.ActiveCfg = Release|Any CPU
		{60C43299-3C60-43E7-B703-ED928FB7610E}.Release|Any CPU.Build.0 = Release|Any CPU
		{C41F2801-1A11-4DB2-BCC4-867BA6695361}.Debug|Any CPU.ActiveCfg = Debug|Any CPU
		{C41F2801-1A11-4DB2-BCC4-867BA6695361}.Debug|Any CPU.Build.0 = Debug|Any CPU
		{C41F2801-1A11-4DB2-BCC4-867BA6695361}.Release|Any CPU.ActiveCfg = Release|Any CPU
		{C41F2801-1A11-4DB2-BCC4-867BA6695361}.Release|Any CPU.Build.0 = Release|Any CPU
		{A1617F76-FA80-46BC-A85E-4BF5B29AD895}.Debug|Any CPU.ActiveCfg = Debug|Any CPU
		{A1617F76-FA80-46BC-A85E-4BF5B29AD895}.Debug|Any CPU.Build.0 = Debug|Any CPU
		{A1617F76-FA80-46BC-A85E-4BF5B29AD895}.Release|Any CPU.ActiveCfg = Release|Any CPU
		{A1617F76-FA80-46BC-A85E-4BF5B29AD895}.Release|Any CPU.Build.0 = Release|Any CPU
		{29A6F19C-5026-4EC8-AB64-CB6F32BFC5D3}.Debug|Any CPU.ActiveCfg = Debug|Any CPU
		{29A6F19C-5026-4EC8-AB64-CB6F32BFC5D3}.Debug|Any CPU.Build.0 = Debug|Any CPU
		{29A6F19C-5026-4EC8-AB64-CB6F32BFC5D3}.Release|Any CPU.ActiveCfg = Release|Any CPU
		{29A6F19C-5026-4EC8-AB64-CB6F32BFC5D3}.Release|Any CPU.Build.0 = Release|Any CPU
	EndGlobalSection
	GlobalSection(SolutionProperties) = preSolution
		HideSolutionNode = FALSE
	EndGlobalSection
	GlobalSection(ExtensibilityGlobals) = postSolution
		SolutionGuid = {B7DBA41C-EE8F-4AF0-81A3-36E7F43BD100}
	EndGlobalSection
EndGlobal
